
Microsoft Visual Studio Solution File, Format Version 12.00
# Visual Studio Version 16
VisualStudioVersion = 16.0.30907.101
MinimumVisualStudioVersion = 10.0.40219.1
Project("{FAE04EC0-301F-11D3-BF4B-00C04F79EFBC}") = "PirateMonsterInjector", "PirateMonsterInjector\PirateMonsterInjector.csproj", "{8C8325FC-90F7-47E9-B524-374DD6570AED}"
EndProject
Global
	GlobalSection(SolutionConfigurationPlatforms) = preSolution
		Debug|Any CPU = Debug|Any CPU
		Release|Any CPU = Release|Any CPU
	EndGlobalSection
	GlobalSection(ProjectConfigurationPlatforms) = postSolution
		{8C8325FC-90F7-47E9-B524-374DD6570AED}.Debug|Any CPU.ActiveCfg = Debug|Any CPU
		{8C8325FC-90F7-47E9-B524-374DD6570AED}.Debug|Any CPU.Build.0 = Debug|Any CPU
		{8C8325FC-90F7-47E9-B524-374DD6570AED}.Release|Any CPU.ActiveCfg = Release|Any CPU
		{8C8325FC-90F7-47E9-B524-374DD6570AED}.Release|Any CPU.Build.0 = Release|Any CPU
	EndGlobalSection
	GlobalSection(SolutionProperties) = preSolution
		HideSolutionNode = FALSE
	EndGlobalSection
	GlobalSection(ExtensibilityGlobals) = postSolution
		SolutionGuid = {FCC3A96D-C78C-4EEB-9813-B9BA41F6C9E3}
	EndGlobalSection
EndGlobal
